
Microsoft Visual Studio Solution File, Format Version 12.00
# Visual Studio Version 17
VisualStudioVersion = 17.0.31903.59
MinimumVisualStudioVersion = 10.0.40219.1
Project("{FAE04EC0-301F-11D3-BF4B-00C04F79EFBC}") = "UnitTests.Challenge.Tests", "UnitTests.Challenge.Tests\UnitTests.Challenge.Tests.csproj", "{F7E35285-2706-4DA9-B3E1-5459CBBDD63D}"
EndProject
Project("{FAE04EC0-301F-11D3-BF4B-00C04F79EFBC}") = "UnitTests.Challenge.Console", "UnitTests.Challenge.Console\UnitTests.Challenge.Console.csproj", "{9FD90695-ACEF-40C0-8161-E2A9DFDC7A4D}"
EndProject
Global
	GlobalSection(SolutionConfigurationPlatforms) = preSolution
		Debug|Any CPU = Debug|Any CPU
		Release|Any CPU = Release|Any CPU
	EndGlobalSection
	GlobalSection(SolutionProperties) = preSolution
		HideSolutionNode = FALSE
	EndGlobalSection
	GlobalSection(ProjectConfigurationPlatforms) = postSolution
		{F7E35285-2706-4DA9-B3E1-5459CBBDD63D}.Debug|Any CPU.ActiveCfg = Debug|Any CPU
		{F7E35285-2706-4DA9-B3E1-5459CBBDD63D}.Debug|Any CPU.Build.0 = Debug|Any CPU
		{F7E35285-2706-4DA9-B3E1-5459CBBDD63D}.Release|Any CPU.ActiveCfg = Release|Any CPU
		{F7E35285-2706-4DA9-B3E1-5459CBBDD63D}.Release|Any CPU.Build.0 = Release|Any CPU
		{9FD90695-ACEF-40C0-8161-E2A9DFDC7A4D}.Debug|Any CPU.ActiveCfg = Debug|Any CPU
		{9FD90695-ACEF-40C0-8161-E2A9DFDC7A4D}.Debug|Any CPU.Build.0 = Debug|Any CPU
		{9FD90695-ACEF-40C0-8161-E2A9DFDC7A4D}.Release|Any CPU.ActiveCfg = Release|Any CPU
		{9FD90695-ACEF-40C0-8161-E2A9DFDC7A4D}.Release|Any CPU.Build.0 = Release|Any CPU
	EndGlobalSection
EndGlobal
