
Microsoft Visual Studio Solution File, Format Version 12.00
# Visual Studio Version 17
VisualStudioVersion = 17.5.002.0
MinimumVisualStudioVersion = 10.0.40219.1
Project("{9A19103F-16F7-4668-BE54-9A1E7A4F7556}") = "AssignmentsAPIChallenge", "AssignmentsAPIChallenge.csproj", "{B4BCB5A8-67DA-4F43-82A6-C609293C1119}"
EndProject
Global
	GlobalSection(SolutionConfigurationPlatforms) = preSolution
		Debug|Any CPU = Debug|Any CPU
		Release|Any CPU = Release|Any CPU
	EndGlobalSection
	GlobalSection(ProjectConfigurationPlatforms) = postSolution
		{B4BCB5A8-67DA-4F43-82A6-C609293C1119}.Debug|Any CPU.ActiveCfg = Debug|Any CPU
		{B4BCB5A8-67DA-4F43-82A6-C609293C1119}.Debug|Any CPU.Build.0 = Debug|Any CPU
		{B4BCB5A8-67DA-4F43-82A6-C609293C1119}.Release|Any CPU.ActiveCfg = Release|Any CPU
		{B4BCB5A8-67DA-4F43-82A6-C609293C1119}.Release|Any CPU.Build.0 = Release|Any CPU
	EndGlobalSection
	GlobalSection(SolutionProperties) = preSolution
		HideSolutionNode = FALSE
	EndGlobalSection
	GlobalSection(ExtensibilityGlobals) = postSolution
		SolutionGuid = {B8C50E7B-97A6-404C-AC93-07CC72005CC1}
	EndGlobalSection
EndGlobal
