
Microsoft Visual Studio Solution File, Format Version 12.00
# Visual Studio Version 17
VisualStudioVersion = 17.0.31903.59
MinimumVisualStudioVersion = 10.0.40219.1
Project("{FAE04EC0-301F-11D3-BF4B-00C04F79EFBC}") = "Calculadora", "Calculadora\Calculadora.csproj", "{D2CE9C31-77B2-4047-93D0-DEF3C96D4B97}"
EndProject
Project("{FAE04EC0-301F-11D3-BF4B-00C04F79EFBC}") = "CalculadoraTestes", "CalculadoraTestes\CalculadoraTestes.csproj", "{ACDF8356-2644-44A9-9BF2-FE11C1ADD163}"
EndProject
Global
	GlobalSection(SolutionConfigurationPlatforms) = preSolution
		Debug|Any CPU = Debug|Any CPU
		Release|Any CPU = Release|Any CPU
	EndGlobalSection
	GlobalSection(SolutionProperties) = preSolution
		HideSolutionNode = FALSE
	EndGlobalSection
	GlobalSection(ProjectConfigurationPlatforms) = postSolution
		{D2CE9C31-77B2-4047-93D0-DEF3C96D4B97}.Debug|Any CPU.ActiveCfg = Debug|Any CPU
		{D2CE9C31-77B2-4047-93D0-DEF3C96D4B97}.Debug|Any CPU.Build.0 = Debug|Any CPU
		{D2CE9C31-77B2-4047-93D0-DEF3C96D4B97}.Release|Any CPU.ActiveCfg = Release|Any CPU
		{D2CE9C31-77B2-4047-93D0-DEF3C96D4B97}.Release|Any CPU.Build.0 = Release|Any CPU
		{ACDF8356-2644-44A9-9BF2-FE11C1ADD163}.Debug|Any CPU.ActiveCfg = Debug|Any CPU
		{ACDF8356-2644-44A9-9BF2-FE11C1ADD163}.Debug|Any CPU.Build.0 = Debug|Any CPU
		{ACDF8356-2644-44A9-9BF2-FE11C1ADD163}.Release|Any CPU.ActiveCfg = Release|Any CPU
		{ACDF8356-2644-44A9-9BF2-FE11C1ADD163}.Release|Any CPU.Build.0 = Release|Any CPU
	EndGlobalSection
EndGlobal
