
Microsoft Visual Studio Solution File, Format Version 12.00
# Visual Studio Version 17
VisualStudioVersion = 17.5.002.0
MinimumVisualStudioVersion = 10.0.40219.1
Project("{9A19103F-16F7-4668-BE54-9A1E7A4F7556}") = "CellphoneSystemChallenge", "CellphoneSystemChallenge.csproj", "{97A7E72A-AE8C-4E60-BC13-8F1B4BE421B3}"
EndProject
Global
	GlobalSection(SolutionConfigurationPlatforms) = preSolution
		Debug|Any CPU = Debug|Any CPU
		Release|Any CPU = Release|Any CPU
	EndGlobalSection
	GlobalSection(ProjectConfigurationPlatforms) = postSolution
		{97A7E72A-AE8C-4E60-BC13-8F1B4BE421B3}.Debug|Any CPU.ActiveCfg = Debug|Any CPU
		{97A7E72A-AE8C-4E60-BC13-8F1B4BE421B3}.Debug|Any CPU.Build.0 = Debug|Any CPU
		{97A7E72A-AE8C-4E60-BC13-8F1B4BE421B3}.Release|Any CPU.ActiveCfg = Release|Any CPU
		{97A7E72A-AE8C-4E60-BC13-8F1B4BE421B3}.Release|Any CPU.Build.0 = Release|Any CPU
	EndGlobalSection
	GlobalSection(SolutionProperties) = preSolution
		HideSolutionNode = FALSE
	EndGlobalSection
	GlobalSection(ExtensibilityGlobals) = postSolution
		SolutionGuid = {11CF465D-89D8-41C6-9B08-E505C07E8FD8}
	EndGlobalSection
EndGlobal
